// !$*UTF8*$!
{
	archiveVersion = 1;
	classes = {
	};
	objectVersion = 56;
	objects = {

/* Begin PBXBuildFile section */
		FB7BAAF52CC1F18D002D08D8 /* ViewControllerAgregarCurso.swift in Sources */ = {isa = PBXBuildFile; fileRef = FB7BAAF42CC1F18D002D08D8 /* ViewControllerAgregarCurso.swift */; };
		FB7BAAF72CC1FD9E002D08D8 /* ViewControllerDetalleCurso.swift in Sources */ = {isa = PBXBuildFile; fileRef = FB7BAAF62CC1FD9E002D08D8 /* ViewControllerDetalleCurso.swift */; };
		FBF262062CC01C84009255FB /* AppDelegate.swift in Sources */ = {isa = PBXBuildFile; fileRef = FBF262052CC01C84009255FB /* AppDelegate.swift */; };
		FBF262082CC01C84009255FB /* SceneDelegate.swift in Sources */ = {isa = PBXBuildFile; fileRef = FBF262072CC01C84009255FB /* SceneDelegate.swift */; };
		FBF2620A2CC01C84009255FB /* ViewController.swift in Sources */ = {isa = PBXBuildFile; fileRef = FBF262092CC01C84009255FB /* ViewController.swift */; };
		FBF2620D2CC01C84009255FB /* Main.storyboard in Resources */ = {isa = PBXBuildFile; fileRef = FBF2620B2CC01C84009255FB /* Main.storyboard */; };
		FBF262102CC01C84009255FB /* UsoCoreData_CursosTecsup.xcdatamodeld in Sources */ = {isa = PBXBuildFile; fileRef = FBF2620E2CC01C84009255FB /* UsoCoreData_CursosTecsup.xcdatamodeld */; };
		FBF262122CC01C85009255FB /* Assets.xcassets in Resources */ = {isa = PBXBuildFile; fileRef = FBF262112CC01C85009255FB /* Assets.xcassets */; };
		FBF262152CC01C85009255FB /* LaunchScreen.storyboard in Resources */ = {isa = PBXBuildFile; fileRef = FBF262132CC01C85009255FB /* LaunchScreen.storyboard */; };
/* End PBXBuildFile section */

/* Begin PBXFileReference section */
		FB7BAAF42CC1F18D002D08D8 /* ViewControllerAgregarCurso.swift */ = {isa = PBXFileReference; lastKnownFileType = sourcecode.swift; path = ViewControllerAgregarCurso.swift; sourceTree = "<group>"; };
		FB7BAAF62CC1FD9E002D08D8 /* ViewControllerDetalleCurso.swift */ = {isa = PBXFileReference; lastKnownFileType = sourcecode.swift; path = ViewControllerDetalleCurso.swift; sourceTree = "<group>"; };
		FBF262022CC01C84009255FB /* UsoCoreData_CursosTecsup.app */ = {isa = PBXFileReference; explicitFileType = wrapper.application; includeInIndex = 0; path = UsoCoreData_CursosTecsup.app; sourceTree = BUILT_PRODUCTS_DIR; };
		FBF262052CC01C84009255FB /* AppDelegate.swift */ = {isa = PBXFileReference; lastKnownFileType = sourcecode.swift; path = AppDelegate.swift; sourceTree = "<group>"; };
		FBF262072CC01C84009255FB /* SceneDelegate.swift */ = {isa = PBXFileReference; lastKnownFileType = sourcecode.swift; path = SceneDelegate.swift; sourceTree = "<group>"; };
		FBF262092CC01C84009255FB /* ViewController.swift */ = {isa = PBXFileReference; lastKnownFileType = sourcecode.swift; path = ViewController.swift; sourceTree = "<group>"; };
		FBF2620C2CC01C84009255FB /* Base */ = {isa = PBXFileReference; lastKnownFileType = file.storyboard; name = Base; path = Base.lproj/Main.storyboard; sourceTree = "<group>"; };
		FBF2620F2CC01C84009255FB /* UsoCoreData_CursosTecsup.xcdatamodel */ = {isa = PBXFileReference; lastKnownFileType = wrapper.xcdatamodel; path = UsoCoreData_CursosTecsup.xcdatamodel; sourceTree = "<group>"; };
		FBF262112CC01C85009255FB /* Assets.xcassets */ = {isa = PBXFileReference; lastKnownFileType = folder.assetcatalog; path = Assets.xcassets; sourceTree = "<group>"; };
		FBF262142CC01C85009255FB /* Base */ = {isa = PBXFileReference; lastKnownFileType = file.storyboard; name = Base; path = Base.lproj/LaunchScreen.storyboard; sourceTree = "<group>"; };
		FBF262162CC01C85009255FB /* Info.plist */ = {isa = PBXFileReference; lastKnownFileType = text.plist.xml; path = Info.plist; sourceTree = "<group>"; };
/* End PBXFileReference section */

/* Begin PBXFrameworksBuildPhase section */
		FBF261FF2CC01C84009255FB /* Frameworks */ = {
			isa = PBXFrameworksBuildPhase;
			buildActionMask = 2147483647;
			files = (
			);
			runOnlyForDeploymentPostprocessing = 0;
		};
/* End PBXFrameworksBuildPhase section */

/* Begin PBXGroup section */
		FBF261F92CC01C84009255FB = {
			isa = PBXGroup;
			children = (
				FBF262042CC01C84009255FB /* UsoCoreData_CursosTecsup */,
				FBF262032CC01C84009255FB /* Products */,
			);
			sourceTree = "<group>";
		};
		FBF262032CC01C84009255FB /* Products */ = {
			isa = PBXGroup;
			children = (
				FBF262022CC01C84009255FB /* UsoCoreData_CursosTecsup.app */,
			);
			name = Products;
			sourceTree = "<group>";
		};
		FBF262042CC01C84009255FB /* UsoCoreData_CursosTecsup */ = {
			isa = PBXGroup;
			children = (
				FBF262052CC01C84009255FB /* AppDelegate.swift */,
				FBF262072CC01C84009255FB /* SceneDelegate.swift */,
				FBF262092CC01C84009255FB /* ViewController.swift */,
				FB7BAAF42CC1F18D002D08D8 /* ViewControllerAgregarCurso.swift */,
				FB7BAAF62CC1FD9E002D08D8 /* ViewControllerDetalleCurso.swift */,
				FBF2620B2CC01C84009255FB /* Main.storyboard */,
				FBF262112CC01C85009255FB /* Assets.xcassets */,
				FBF262132CC01C85009255FB /* LaunchScreen.storyboard */,
				FBF262162CC01C85009255FB /* Info.plist */,
				FBF2620E2CC01C84009255FB /* UsoCoreData_CursosTecsup.xcdatamodeld */,
			);
			path = UsoCoreData_CursosTecsup;
			sourceTree = "<group>";
		};
/* End PBXGroup section */

/* Begin PBXNativeTarget section */
		FBF262012CC01C84009255FB /* UsoCoreData_CursosTecsup */ = {
			isa = PBXNativeTarget;
			buildConfigurationList = FBF262192CC01C85009255FB /* Build configuration list for PBXNativeTarget "UsoCoreData_CursosTecsup" */;
			buildPhases = (
				FBF261FE2CC01C84009255FB /* Sources */,
				FBF261FF2CC01C84009255FB /* Frameworks */,
				FBF262002CC01C84009255FB /* Resources */,
			);
			buildRules = (
			);
			dependencies = (
			);
			name = UsoCoreData_CursosTecsup;
			productName = UsoCoreData_CursosTecsup;
			productReference = FBF262022CC01C84009255FB /* UsoCoreData_CursosTecsup.app */;
			productType = "com.apple.product-type.application";
		};
/* End PBXNativeTarget section */

/* Begin PBXProject section */
		FBF261FA2CC01C84009255FB /* Project object */ = {
			isa = PBXProject;
			attributes = {
				BuildIndependentTargetsInParallel = 1;
				LastSwiftUpdateCheck = 1520;
				LastUpgradeCheck = 1520;
				TargetAttributes = {
					FBF262012CC01C84009255FB = {
						CreatedOnToolsVersion = 15.2;
					};
				};
			};
			buildConfigurationList = FBF261FD2CC01C84009255FB /* Build configuration list for PBXProject "UsoCoreData_CursosTecsup" */;
			compatibilityVersion = "Xcode 14.0";
			developmentRegion = en;
			hasScannedForEncodings = 0;
			knownRegions = (
				en,
				Base,
			);
			mainGroup = FBF261F92CC01C84009255FB;
			productRefGroup = FBF262032CC01C84009255FB /* Products */;
			projectDirPath = "";
			projectRoot = "";
			targets = (
				FBF262012CC01C84009255FB /* UsoCoreData_CursosTecsup */,
			);
		};
/* End PBXProject section */

/* Begin PBXResourcesBuildPhase section */
		FBF262002CC01C84009255FB /* Resources */ = {
			isa = PBXResourcesBuildPhase;
			buildActionMask = 2147483647;
			files = (
				FBF262152CC01C85009255FB /* LaunchScreen.storyboard in Resources */,
				FBF262122CC01C85009255FB /* Assets.xcassets in Resources */,
				FBF2620D2CC01C84009255FB /* Main.storyboard in Resources */,
			);
			runOnlyForDeploymentPostprocessing = 0;
		};
/* End PBXResourcesBuildPhase section */

/* Begin PBXSourcesBuildPhase section */
		FBF261FE2CC01C84009255FB /* Sources */ = {
			isa = PBXSourcesBuildPhase;
			buildActionMask = 2147483647;
			files = (
				FB7BAAF72CC1FD9E002D08D8 /* ViewControllerDetalleCurso.swift in Sources */,
				FBF2620A2CC01C84009255FB /* ViewController.swift in Sources */,
				FBF262102CC01C84009255FB /* UsoCoreData_CursosTecsup.xcdatamodeld in Sources */,
				FBF262062CC01C84009255FB /* AppDelegate.swift in Sources */,
				FB7BAAF52CC1F18D002D08D8 /* ViewControllerAgregarCurso.swift in Sources */,
				FBF262082CC01C84009255FB /* SceneDelegate.swift in Sources */,
			);
			runOnlyForDeploymentPostprocessing = 0;
		};
/* End PBXSourcesBuildPhase section */

/* Begin PBXVariantGroup section */
		FBF2620B2CC01C84009255FB /* Main.storyboard */ = {
			isa = PBXVariantGroup;
			children = (
				FBF2620C2CC01C84009255FB /* Base */,
			);
			name = Main.storyboard;
			sourceTree = "<group>";
		};
		FBF262132CC01C85009255FB /* LaunchScreen.storyboard */ = {
			isa = PBXVariantGroup;
			children = (
				FBF262142CC01C85009255FB /* Base */,
			);
			name = LaunchScreen.storyboard;
			sourceTree = "<group>";
		};
/* End PBXVariantGroup section */

/* Begin XCBuildConfiguration section */
		FBF262172CC01C85009255FB /* Debug */ = {
			isa = XCBuildConfiguration;
			buildSettings = {
				ALWAYS_SEARCH_USER_PATHS = NO;
				ASSETCATALOG_COMPILER_GENERATE_SWIFT_ASSET_SYMBOL_EXTENSIONS = YES;
				CLANG_ANALYZER_NONNULL = YES;
				CLANG_ANALYZER_NUMBER_OBJECT_CONVERSION = YES_AGGRESSIVE;
				CLANG_CXX_LANGUAGE_STANDARD = "gnu++20";
				CLANG_ENABLE_MODULES = YES;
				CLANG_ENABLE_OBJC_ARC = YES;
				CLANG_ENABLE_OBJC_WEAK = YES;
				CLANG_WARN_BLOCK_CAPTURE_AUTORELEASING = YES;
				CLANG_WARN_BOOL_CONVERSION = YES;
				CLANG_WARN_COMMA = YES;
				CLANG_WARN_CONSTANT_CONVERSION = YES;
				CLANG_WARN_DEPRECATED_OBJC_IMPLEMENTATIONS = YES;
				CLANG_WARN_DIRECT_OBJC_ISA_USAGE = YES_ERROR;
				CLANG_WARN_DOCUMENTATION_COMMENTS = YES;
				CLANG_WARN_EMPTY_BODY = YES;
				CLANG_WARN_ENUM_CONVERSION = YES;
				CLANG_WARN_INFINITE_RECURSION = YES;
				CLANG_WARN_INT_CONVERSION = YES;
				CLANG_WARN_NON_LITERAL_NULL_CONVERSION = YES;
				CLANG_WARN_OBJC_IMPLICIT_RETAIN_SELF = YES;
				CLANG_WARN_OBJC_LITERAL_CONVERSION = YES;
				CLANG_WARN_OBJC_ROOT_CLASS = YES_ERROR;
				CLANG_WARN_QUOTED_INCLUDE_IN_FRAMEWORK_HEADER = YES;
				CLANG_WARN_RANGE_LOOP_ANALYSIS = YES;
				CLANG_WARN_STRICT_PROTOTYPES = YES;
				CLANG_WARN_SUSPICIOUS_MOVE = YES;
				CLANG_WARN_UNGUARDED_AVAILABILITY = YES_AGGRESSIVE;
				CLANG_WARN_UNREACHABLE_CODE = YES;
				CLANG_WARN__DUPLICATE_METHOD_MATCH = YES;
				COPY_PHASE_STRIP = NO;
				DEBUG_INFORMATION_FORMAT = dwarf;
				ENABLE_STRICT_OBJC_MSGSEND = YES;
				ENABLE_TESTABILITY = YES;
				ENABLE_USER_SCRIPT_SANDBOXING = YES;
				GCC_C_LANGUAGE_STANDARD = gnu17;
				GCC_DYNAMIC_NO_PIC = NO;
				GCC_NO_COMMON_BLOCKS = YES;
				GCC_OPTIMIZATION_LEVEL = 0;
				GCC_PREPROCESSOR_DEFINITIONS = (
					"DEBUG=1",
					"$(inherited)",
				);
				GCC_WARN_64_TO_32_BIT_CONVERSION = YES;
				GCC_WARN_ABOUT_RETURN_TYPE = YES_ERROR;
				GCC_WARN_UNDECLARED_SELECTOR = YES;
				GCC_WARN_UNINITIALIZED_AUTOS = YES_AGGRESSIVE;
				GCC_WARN_UNUSED_FUNCTION = YES;
				GCC_WARN_UNUSED_VARIABLE = YES;
				IPHONEOS_DEPLOYMENT_TARGET = 17.2;
				LOCALIZATION_PREFERS_STRING_CATALOGS = YES;
				MTL_ENABLE_DEBUG_INFO = INCLUDE_SOURCE;
				MTL_FAST_MATH = YES;
				ONLY_ACTIVE_ARCH = YES;
				SDKROOT = iphoneos;
				SWIFT_ACTIVE_COMPILATION_CONDITIONS = "DEBUG $(inherited)";
				SWIFT_OPTIMIZATION_LEVEL = "-Onone";
			};
			name = Debug;
		};
		FBF262182CC01C85009255FB /* Release */ = {
			isa = XCBuildConfiguration;
			buildSettings = {
				ALWAYS_SEARCH_USER_PATHS = NO;
				ASSETCATALOG_COMPILER_GENERATE_SWIFT_ASSET_SYMBOL_EXTENSIONS = YES;
				CLANG_ANALYZER_NONNULL = YES;
				CLANG_ANALYZER_NUMBER_OBJECT_CONVERSION = YES_AGGRESSIVE;
				CLANG_CXX_LANGUAGE_STANDARD = "gnu++20";
				CLANG_ENABLE_MODULES = YES;
				CLANG_ENABLE_OBJC_ARC = YES;
				CLANG_ENABLE_OBJC_WEAK = YES;
				CLANG_WARN_BLOCK_CAPTURE_AUTORELEASING = YES;
				CLANG_WARN_BOOL_CONVERSION = YES;
				CLANG_WARN_COMMA = YES;
				CLANG_WARN_CONSTANT_CONVERSION = YES;
				CLANG_WARN_DEPRECATED_OBJC_IMPLEMENTATIONS = YES;
				CLANG_WARN_DIRECT_OBJC_ISA_USAGE = YES_ERROR;
				CLANG_WARN_DOCUMENTATION_COMMENTS = YES;
				CLANG_WARN_EMPTY_BODY = YES;
				CLANG_WARN_ENUM_CONVERSION = YES;
				CLANG_WARN_INFINITE_RECURSION = YES;
				CLANG_WARN_INT_CONVERSION = YES;
				CLANG_WARN_NON_LITERAL_NULL_CONVERSION = YES;
				CLANG_WARN_OBJC_IMPLICIT_RETAIN_SELF = YES;
				CLANG_WARN_OBJC_LITERAL_CONVERSION = YES;
				CLANG_WARN_OBJC_ROOT_CLASS = YES_ERROR;
				CLANG_WARN_QUOTED_INCLUDE_IN_FRAMEWORK_HEADER = YES;
				CLANG_WARN_RANGE_LOOP_ANALYSIS = YES;
				CLANG_WARN_STRICT_PROTOTYPES = YES;
				CLANG_WARN_SUSPICIOUS_MOVE = YES;
				CLANG_WARN_UNGUARDED_AVAILABILITY = YES_AGGRESSIVE;
				CLANG_WARN_UNREACHABLE_CODE = YES;
				CLANG_WARN__DUPLICATE_METHOD_MATCH = YES;
				COPY_PHASE_STRIP = NO;
				DEBUG_INFORMATION_FORMAT = "dwarf-with-dsym";
				ENABLE_NS_ASSERTIONS = NO;
				ENABLE_STRICT_OBJC_MSGSEND = YES;
				ENABLE_USER_SCRIPT_SANDBOXING = YES;
				GCC_C_LANGUAGE_STANDARD = gnu17;
				GCC_NO_COMMON_BLOCKS = YES;
				GCC_WARN_64_TO_32_BIT_CONVERSION = YES;
				GCC_WARN_ABOUT_RETURN_TYPE = YES_ERROR;
				GCC_WARN_UNDECLARED_SELECTOR = YES;
				GCC_WARN_UNINITIALIZED_AUTOS = YES_AGGRESSIVE;
				GCC_WARN_UNUSED_FUNCTION = YES;
				GCC_WARN_UNUSED_VARIABLE = YES;
				IPHONEOS_DEPLOYMENT_TARGET = 17.2;
				LOCALIZATION_PREFERS_STRING_CATALOGS = YES;
				MTL_ENABLE_DEBUG_INFO = NO;
				MTL_FAST_MATH = YES;
				SDKROOT = iphoneos;
				SWIFT_COMPILATION_MODE = wholemodule;
				VALIDATE_PRODUCT = YES;
			};
			name = Release;
		};
		FBF2621A2CC01C85009255FB /* Debug */ = {
			isa = XCBuildConfiguration;
			buildSettings = {
				ASSETCATALOG_COMPILER_APPICON_NAME = AppIcon;
				ASSETCATALOG_COMPILER_GLOBAL_ACCENT_COLOR_NAME = AccentColor;
				CODE_SIGN_STYLE = Automatic;
				CURRENT_PROJECT_VERSION = 1;
				GENERATE_INFOPLIST_FILE = YES;
				INFOPLIST_FILE = UsoCoreData_CursosTecsup/Info.plist;
				INFOPLIST_KEY_UIApplicationSupportsIndirectInputEvents = YES;
				INFOPLIST_KEY_UILaunchStoryboardName = LaunchScreen;
				INFOPLIST_KEY_UIMainStoryboardFile = Main;
				INFOPLIST_KEY_UISupportedInterfaceOrientations_iPad = "UIInterfaceOrientationPortrait UIInterfaceOrientationPortraitUpsideDown UIInterfaceOrientationLandscapeLeft UIInterfaceOrientationLandscapeRight";
				INFOPLIST_KEY_UISupportedInterfaceOrientations_iPhone = "UIInterfaceOrientationPortrait UIInterfaceOrientationLandscapeLeft UIInterfaceOrientationLandscapeRight";
				LD_RUNPATH_SEARCH_PATHS = (
					"$(inherited)",
					"@executable_path/Frameworks",
				);
				MARKETING_VERSION = 1.0;
				PRODUCT_BUNDLE_IDENTIFIER = "tecsup.UsoCoreData-CursosTecsup";
				PRODUCT_NAME = "$(TARGET_NAME)";
				SWIFT_EMIT_LOC_STRINGS = YES;
				SWIFT_VERSION = 5.0;
				TARGETED_DEVICE_FAMILY = "1,2";
			};
			name = Debug;
		};
		FBF2621B2CC01C85009255FB /* Release */ = {
			isa = XCBuildConfiguration;
			buildSettings = {
				ASSETCATALOG_COMPILER_APPICON_NAME = AppIcon;
				ASSETCATALOG_COMPILER_GLOBAL_ACCENT_COLOR_NAME = AccentColor;
				CODE_SIGN_STYLE = Automatic;
				CURRENT_PROJECT_VERSION = 1;
				GENERATE_INFOPLIST_FILE = YES;
				INFOPLIST_FILE = UsoCoreData_CursosTecsup/Info.plist;
				INFOPLIST_KEY_UIApplicationSupportsIndirectInputEvents = YES;
				INFOPLIST_KEY_UILaunchStoryboardName = LaunchScreen;
				INFOPLIST_KEY_UIMainStoryboardFile = Main;
				INFOPLIST_KEY_UISupportedInterfaceOrientations_iPad = "UIInterfaceOrientationPortrait UIInterfaceOrientationPortraitUpsideDown UIInterfaceOrientationLandscapeLeft UIInterfaceOrientationLandscapeRight";
				INFOPLIST_KEY_UISupportedInterfaceOrientations_iPhone = "UIInterfaceOrientationPortrait UIInterfaceOrientationLandscapeLeft UIInterfaceOrientationLandscapeRight";
				LD_RUNPATH_SEARCH_PATHS = (
					"$(inherited)",
					"@executable_path/Frameworks",
				);
				MARKETING_VERSION = 1.0;
				PRODUCT_BUNDLE_IDENTIFIER = "tecsup.UsoCoreData-CursosTecsup";
				PRODUCT_NAME = "$(TARGET_NAME)";
				SWIFT_EMIT_LOC_STRINGS = YES;
				SWIFT_VERSION = 5.0;
				TARGETED_DEVICE_FAMILY = "1,2";
			};
			name = Release;
		};
/* End XCBuildConfiguration section */

/* Begin XCConfigurationList section */
		FBF261FD2CC01C84009255FB /* Build configuration list for PBXProject "UsoCoreData_CursosTecsup" */ = {
			isa = XCConfigurationList;
			buildConfigurations = (
				FBF262172CC01C85009255FB /* Debug */,
				FBF262182CC01C85009255FB /* Release */,
			);
			defaultConfigurationIsVisible = 0;
			defaultConfigurationName = Release;
		};
		FBF262192CC01C85009255FB /* Build configuration list for PBXNativeTarget "UsoCoreData_CursosTecsup" */ = {
			isa = XCConfigurationList;
			buildConfigurations = (
				FBF2621A2CC01C85009255FB /* Debug */,
				FBF2621B2CC01C85009255FB /* Release */,
			);
			defaultConfigurationIsVisible = 0;
			defaultConfigurationName = Release;
		};
/* End XCConfigurationList section */

/* Begin XCVersionGroup section */
		FBF2620E2CC01C84009255FB /* UsoCoreData_CursosTecsup.xcdatamodeld */ = {
			isa = XCVersionGroup;
			children = (
				FBF2620F2CC01C84009255FB /* UsoCoreData_CursosTecsup.xcdatamodel */,
			);
			currentVersion = FBF2620F2CC01C84009255FB /* UsoCoreData_CursosTecsup.xcdatamodel */;
			path = UsoCoreData_CursosTecsup.xcdatamodeld;
			sourceTree = "<group>";
			versionGroupType = wrapper.xcdatamodel;
		};
/* End XCVersionGroup section */
	};
	rootObject = FBF261FA2CC01C84009255FB /* Project object */;
}
